<?xml version="1.0" encoding="utf-8"?>
<Project ToolsVersion="4.0" xmlns="http://schemas.microsoft.com/developer/msbuild/2003">
  <ItemGroup>
    <Filter Include="Исходные файлы">
      <UniqueIdentifier>{4FC737F1-C7A5-4376-A066-2A32D752A2FF}</UniqueIdentifier>
      <Extensions>cpp;c;cc;cxx;c++;cppm;ixx;def;odl;idl;hpj;bat;asm;asmx</Extensions>
    </Filter>
    <Filter Include="Файлы заголовков">
      <UniqueIdentifier>{93995380-89BD-4b04-88EB-625FBE52EBFB}</UniqueIdentifier>
      <Extensions>h;hh;hpp;hxx;h++;hm;inl;inc;ipp;xsd</Extensions>
    </Filter>
    <Filter Include="Файлы ресурсов">
      <UniqueIdentifier>{67DA6AB6-F800-4c08-8B7A-83BB121AAD01}</UniqueIdentifier>
      <Extensions>rc;ico;cur;bmp;dlg;rc2;rct;bin;rgs;gif;jpg;jpeg;jpe;resx;tiff;tif;png;wav;mfcribbon-ms</Extensions>
    </Filter>
    <Filter Include="draw">
      <UniqueIdentifier>{3e070bea-c948-4d75-b0c8-b0239579e0f7}</UniqueIdentifier>
    </Filter>
    <Filter Include="draw\data">
      <UniqueIdentifier>{213a06b4-6325-46ba-bc79-58ce4979db14}</UniqueIdentifier>
    </Filter>
    <Filter Include="draw\GL">
      <UniqueIdentifier>{b31754fc-2d0b-48ff-839b-3b59332b5145}</UniqueIdentifier>
    </Filter>
    <Filter Include="draw\freeimage">
      <UniqueIdentifier>{d8eb087d-6e6d-4adc-a88c-1904dac98a1a}</UniqueIdentifier>
    </Filter>
  </ItemGroup>
  <ItemGroup>
    <ClCompile Include="icosamate.cpp">
      <Filter>Исходные файлы</Filter>
    </ClCompile>
    <ClCompile Include="main.cpp">
      <Filter>Исходные файлы</Filter>
    </ClCompile>
    <ClCompile Include="explorer.cpp">
      <Filter>Исходные файлы</Filter>
    </ClCompile>
    <ClCompile Include="draw\common.cpp">
      <Filter>draw</Filter>
    </ClCompile>
    <ClCompile Include="draw\draw.cpp">
      <Filter>draw</Filter>
    </ClCompile>
    <ClCompile Include="draw\GLWindow.cpp">
      <Filter>draw</Filter>
    </ClCompile>
    <ClCompile Include="draw\OpenGL.cpp">
      <Filter>draw</Filter>
    </ClCompile>
    <ClCompile Include="draw\Shader.cpp">
      <Filter>draw</Filter>
    </ClCompile>
    <ClCompile Include="draw\Texture.cpp">
      <Filter>draw</Filter>
    </ClCompile>
    <ClCompile Include="coord.cpp">
      <Filter>Исходные файлы</Filter>
    </ClCompile>
    <ClCompile Include="draw\draw_impl.cpp">
      <Filter>draw</Filter>
    </ClCompile>
    <ClCompile Include="draw\text.cpp">
      <Filter>draw</Filter>
    </ClCompile>
    <ClCompile Include="axis.cpp">
      <Filter>Исходные файлы</Filter>
    </ClCompile>
    <ClCompile Include="draw\arrow.cpp">
      <Filter>draw</Filter>
    </ClCompile>
    <ClCompile Include="draw\draw_def.cpp">
      <Filter>draw</Filter>
    </ClCompile>
    <ClCompile Include="action.cpp">
      <Filter>Исходные файлы</Filter>
    </ClCompile>
    <ClCompile Include="library.cpp">
      <Filter>Исходные файлы</Filter>
    </ClCompile>
    <ClCompile Include="turn_alg.cpp">
      <Filter>Исходные файлы</Filter>
    </ClCompile>
  </ItemGroup>
  <ItemGroup>
    <ClInclude Include="def.h">
      <Filter>Файлы заголовков</Filter>
    </ClInclude>
    <ClInclude Include="icosamate.h">
      <Filter>Файлы заголовков</Filter>
    </ClInclude>
    <ClInclude Include="version.h">
      <Filter>Файлы заголовков</Filter>
    </ClInclude>
    <ClInclude Include="explorer.h">
      <Filter>Файлы заголовков</Filter>
    </ClInclude>
    <ClInclude Include="factorization.h">
      <Filter>Файлы заголовков</Filter>
    </ClInclude>
    <ClInclude Include="draw\common.h">
      <Filter>draw</Filter>
    </ClInclude>
    <ClInclude Include="draw\GLWindow.h">
      <Filter>draw</Filter>
    </ClInclude>
    <ClInclude Include="draw\OpenGL.h">
      <Filter>draw</Filter>
    </ClInclude>
    <ClInclude Include="draw\Shader.h">
      <Filter>draw</Filter>
    </ClInclude>
    <ClInclude Include="draw\Texture.h">
      <Filter>draw</Filter>
    </ClInclude>
    <ClInclude Include="draw\draw.h">
      <Filter>draw</Filter>
    </ClInclude>
    <ClInclude Include="draw\GL\glext.h">
      <Filter>draw\GL</Filter>
    </ClInclude>
    <ClInclude Include="draw\GL\wglext.h">
      <Filter>draw\GL</Filter>
    </ClInclude>
    <ClInclude Include="coord.h">
      <Filter>Файлы заголовков</Filter>
    </ClInclude>
    <ClInclude Include="draw\draw_impl.h">
      <Filter>draw</Filter>
    </ClInclude>
    <ClInclude Include="draw\text.h">
      <Filter>draw</Filter>
    </ClInclude>
    <ClInclude Include="draw\matrix.h">
      <Filter>draw</Filter>
    </ClInclude>
    <ClInclude Include="axis.h">
      <Filter>Файлы заголовков</Filter>
    </ClInclude>
    <ClInclude Include="draw\arrow.h">
      <Filter>draw</Filter>
    </ClInclude>
    <ClInclude Include="draw\draw_def.h">
      <Filter>draw</Filter>
    </ClInclude>
    <ClInclude Include="action.h">
      <Filter>Файлы заголовков</Filter>
    </ClInclude>
    <ClInclude Include="library.h">
      <Filter>Файлы заголовков</Filter>
    </ClInclude>
    <ClInclude Include="draw\freeimage\FreeImage.h">
      <Filter>draw\freeimage</Filter>
    </ClInclude>
    <ClInclude Include="turn_alg.h">
      <Filter>Файлы заголовков</Filter>
    </ClInclude>
  </ItemGroup>
  <ItemGroup>
    <None Include="draw\data\color_poly.fs">
      <Filter>draw\data</Filter>
    </None>
    <None Include="draw\data\color_poly.vs">
      <Filter>draw\data</Filter>
    </None>
  </ItemGroup>
</Project>